
Microsoft Visual Studio Solution File, Format Version 12.00
# Visual Studio Version 17
VisualStudioVersion = 17.13.35825.156 d17.13
MinimumVisualStudioVersion = 10.0.40219.1
Project("{FAE04EC0-301F-11D3-BF4B-00C04F79EFBC}") = "SistemaDeTarefas", "SistemaDeTarefas\SistemaDeTarefas.csproj", "{09536402-695E-4D62-B3C7-4559E9E82FE9}"
EndProject
Global
	GlobalSection(SolutionConfigurationPlatforms) = preSolution
		Debug|Any CPU = Debug|Any CPU
		Release|Any CPU = Release|Any CPU
	EndGlobalSection
	GlobalSection(ProjectConfigurationPlatforms) = postSolution
		{09536402-695E-4D62-B3C7-4559E9E82FE9}.Debug|Any CPU.ActiveCfg = Debug|Any CPU
		{09536402-695E-4D62-B3C7-4559E9E82FE9}.Debug|Any CPU.Build.0 = Debug|Any CPU
		{09536402-695E-4D62-B3C7-4559E9E82FE9}.Release|Any CPU.ActiveCfg = Release|Any CPU
		{09536402-695E-4D62-B3C7-4559E9E82FE9}.Release|Any CPU.Build.0 = Release|Any CPU
	EndGlobalSection
	GlobalSection(SolutionProperties) = preSolution
		HideSolutionNode = FALSE
	EndGlobalSection
	GlobalSection(ExtensibilityGlobals) = postSolution
		SolutionGuid = {114DE88C-921D-40A7-9AF2-CEE7DB830716}
	EndGlobalSection
EndGlobal
